// !$*UTF8*$!
{
	archiveVersion = 1;
	classes = {
	};
	objectVersion = 56;
	objects = {

/* Begin PBXBuildFile section */
		2DAAE4E22B811E2C00D4EB6B /* AppDelegate.swift in Sources */ = {isa = PBXBuildFile; fileRef = 2DAAE4E12B811E2C00D4EB6B /* AppDelegate.swift */; };
		2DAAE4E42B811E2C00D4EB6B /* SceneDelegate.swift in Sources */ = {isa = PBXBuildFile; fileRef = 2DAAE4E32B811E2C00D4EB6B /* SceneDelegate.swift */; };
		2DAAE4E62B811E2C00D4EB6B /* ViewController.swift in Sources */ = {isa = PBXBuildFile; fileRef = 2DAAE4E52B811E2C00D4EB6B /* ViewController.swift */; };
		2DAAE4E92B811E2C00D4EB6B /* Main.storyboard in Resources */ = {isa = PBXBuildFile; fileRef = 2DAAE4E72B811E2C00D4EB6B /* Main.storyboard */; };
		2DAAE4EB2B811E3000D4EB6B /* Assets.xcassets in Resources */ = {isa = PBXBuildFile; fileRef = 2DAAE4EA2B811E3000D4EB6B /* Assets.xcassets */; };
		2DAAE4EE2B811E3000D4EB6B /* LaunchScreen.storyboard in Resources */ = {isa = PBXBuildFile; fileRef = 2DAAE4EC2B811E3000D4EB6B /* LaunchScreen.storyboard */; };
		2DAAE4F62B811EB300D4EB6B /* Model.swift in Sources */ = {isa = PBXBuildFile; fileRef = 2DAAE4F52B811EB300D4EB6B /* Model.swift */; };
		2DAAE4F92B84CB1E00D4EB6B /* CollectionViewCell.swift in Sources */ = {isa = PBXBuildFile; fileRef = 2DAAE4F72B84CB1E00D4EB6B /* CollectionViewCell.swift */; };
		2DAAE4FA2B84CB1E00D4EB6B /* CollectionViewCell.xib in Resources */ = {isa = PBXBuildFile; fileRef = 2DAAE4F82B84CB1E00D4EB6B /* CollectionViewCell.xib */; };
		2DAAE4FC2B84D1BE00D4EB6B /* FullViewController.swift in Sources */ = {isa = PBXBuildFile; fileRef = 2DAAE4FB2B84D1BE00D4EB6B /* FullViewController.swift */; };
		2DAAE4FF2B87E06F00D4EB6B /* GroupCollectionViewCell.swift in Sources */ = {isa = PBXBuildFile; fileRef = 2DAAE4FD2B87E06F00D4EB6B /* GroupCollectionViewCell.swift */; };
		2DAAE5002B87E06F00D4EB6B /* GroupCollectionViewCell.xib in Resources */ = {isa = PBXBuildFile; fileRef = 2DAAE4FE2B87E06F00D4EB6B /* GroupCollectionViewCell.xib */; };
		2DAAE5022B87E79900D4EB6B /* Full2ViewController.swift in Sources */ = {isa = PBXBuildFile; fileRef = 2DAAE5012B87E79900D4EB6B /* Full2ViewController.swift */; };
		2DAAE5042B92958900D4EB6B /* file.json in Resources */ = {isa = PBXBuildFile; fileRef = 2DAAE5032B92958900D4EB6B /* file.json */; };
		2DAAE5062B929E0F00D4EB6B /* ViewController2.swift in Sources */ = {isa = PBXBuildFile; fileRef = 2DAAE5052B929E0F00D4EB6B /* ViewController2.swift */; };
		2DAAE5092B92A06B00D4EB6B /* CollectionViewCell2.swift in Sources */ = {isa = PBXBuildFile; fileRef = 2DAAE5072B92A06B00D4EB6B /* CollectionViewCell2.swift */; };
		2DAAE50A2B92A06B00D4EB6B /* CollectionViewCell2.xib in Resources */ = {isa = PBXBuildFile; fileRef = 2DAAE5082B92A06B00D4EB6B /* CollectionViewCell2.xib */; };
		2DAAE50E2B93479600D4EB6B /* ViewController4.swift in Sources */ = {isa = PBXBuildFile; fileRef = 2DAAE50D2B93479600D4EB6B /* ViewController4.swift */; };
		2DAAE5112B9348CE00D4EB6B /* GroupCell.swift in Sources */ = {isa = PBXBuildFile; fileRef = 2DAAE50F2B9348CE00D4EB6B /* GroupCell.swift */; };
		2DAAE5122B9348CE00D4EB6B /* GroupCell.xib in Resources */ = {isa = PBXBuildFile; fileRef = 2DAAE5102B9348CE00D4EB6B /* GroupCell.xib */; };
		2DAAE5152B94CCC400D4EB6B /* SubGroupCell.swift in Sources */ = {isa = PBXBuildFile; fileRef = 2DAAE5132B94CCC400D4EB6B /* SubGroupCell.swift */; };
		2DAAE5192B952B2E00D4EB6B /* SubGroupCell.xib in Resources */ = {isa = PBXBuildFile; fileRef = 2DAAE5182B952B2D00D4EB6B /* SubGroupCell.xib */; };
/* End PBXBuildFile section */

/* Begin PBXFileReference section */
		2DAAE4DE2B811E2C00D4EB6B /* foo9.app */ = {isa = PBXFileReference; explicitFileType = wrapper.application; includeInIndex = 0; path = foo9.app; sourceTree = BUILT_PRODUCTS_DIR; };
		2DAAE4E12B811E2C00D4EB6B /* AppDelegate.swift */ = {isa = PBXFileReference; lastKnownFileType = sourcecode.swift; path = AppDelegate.swift; sourceTree = "<group>"; };
		2DAAE4E32B811E2C00D4EB6B /* SceneDelegate.swift */ = {isa = PBXFileReference; lastKnownFileType = sourcecode.swift; path = SceneDelegate.swift; sourceTree = "<group>"; };
		2DAAE4E52B811E2C00D4EB6B /* ViewController.swift */ = {isa = PBXFileReference; lastKnownFileType = sourcecode.swift; path = ViewController.swift; sourceTree = "<group>"; };
		2DAAE4E82B811E2C00D4EB6B /* Base */ = {isa = PBXFileReference; lastKnownFileType = file.storyboard; name = Base; path = Base.lproj/Main.storyboard; sourceTree = "<group>"; };
		2DAAE4EA2B811E3000D4EB6B /* Assets.xcassets */ = {isa = PBXFileReference; lastKnownFileType = folder.assetcatalog; path = Assets.xcassets; sourceTree = "<group>"; };
		2DAAE4ED2B811E3000D4EB6B /* Base */ = {isa = PBXFileReference; lastKnownFileType = file.storyboard; name = Base; path = Base.lproj/LaunchScreen.storyboard; sourceTree = "<group>"; };
		2DAAE4EF2B811E3000D4EB6B /* Info.plist */ = {isa = PBXFileReference; lastKnownFileType = text.plist.xml; path = Info.plist; sourceTree = "<group>"; };
		2DAAE4F52B811EB300D4EB6B /* Model.swift */ = {isa = PBXFileReference; lastKnownFileType = sourcecode.swift; path = Model.swift; sourceTree = "<group>"; };
		2DAAE4F72B84CB1E00D4EB6B /* CollectionViewCell.swift */ = {isa = PBXFileReference; lastKnownFileType = sourcecode.swift; path = CollectionViewCell.swift; sourceTree = "<group>"; };
		2DAAE4F82B84CB1E00D4EB6B /* CollectionViewCell.xib */ = {isa = PBXFileReference; lastKnownFileType = file.xib; path = CollectionViewCell.xib; sourceTree = "<group>"; };
		2DAAE4FB2B84D1BE00D4EB6B /* FullViewController.swift */ = {isa = PBXFileReference; lastKnownFileType = sourcecode.swift; path = FullViewController.swift; sourceTree = "<group>"; };
		2DAAE4FD2B87E06F00D4EB6B /* GroupCollectionViewCell.swift */ = {isa = PBXFileReference; lastKnownFileType = sourcecode.swift; path = GroupCollectionViewCell.swift; sourceTree = "<group>"; };
		2DAAE4FE2B87E06F00D4EB6B /* GroupCollectionViewCell.xib */ = {isa = PBXFileReference; lastKnownFileType = file.xib; path = GroupCollectionViewCell.xib; sourceTree = "<group>"; };
		2DAAE5012B87E79900D4EB6B /* Full2ViewController.swift */ = {isa = PBXFileReference; lastKnownFileType = sourcecode.swift; path = Full2ViewController.swift; sourceTree = "<group>"; };
		2DAAE5032B92958900D4EB6B /* file.json */ = {isa = PBXFileReference; lastKnownFileType = text.json; path = file.json; sourceTree = "<group>"; };
		2DAAE5052B929E0F00D4EB6B /* ViewController2.swift */ = {isa = PBXFileReference; lastKnownFileType = sourcecode.swift; path = ViewController2.swift; sourceTree = "<group>"; };
		2DAAE5072B92A06B00D4EB6B /* CollectionViewCell2.swift */ = {isa = PBXFileReference; lastKnownFileType = sourcecode.swift; path = CollectionViewCell2.swift; sourceTree = "<group>"; };
		2DAAE5082B92A06B00D4EB6B /* CollectionViewCell2.xib */ = {isa = PBXFileReference; lastKnownFileType = file.xib; path = CollectionViewCell2.xib; sourceTree = "<group>"; };
		2DAAE50D2B93479600D4EB6B /* ViewController4.swift */ = {isa = PBXFileReference; lastKnownFileType = sourcecode.swift; path = ViewController4.swift; sourceTree = "<group>"; };
		2DAAE50F2B9348CE00D4EB6B /* GroupCell.swift */ = {isa = PBXFileReference; lastKnownFileType = sourcecode.swift; path = GroupCell.swift; sourceTree = "<group>"; };
		2DAAE5102B9348CE00D4EB6B /* GroupCell.xib */ = {isa = PBXFileReference; lastKnownFileType = file.xib; path = GroupCell.xib; sourceTree = "<group>"; };
		2DAAE5132B94CCC400D4EB6B /* SubGroupCell.swift */ = {isa = PBXFileReference; lastKnownFileType = sourcecode.swift; path = SubGroupCell.swift; sourceTree = "<group>"; };
		2DAAE5182B952B2D00D4EB6B /* SubGroupCell.xib */ = {isa = PBXFileReference; fileEncoding = 4; lastKnownFileType = file.xib; name = SubGroupCell.xib; path = ../../../../../.Trash/SubGroupCell.xib; sourceTree = "<group>"; };
/* End PBXFileReference section */

/* Begin PBXFrameworksBuildPhase section */
		2DAAE4DB2B811E2C00D4EB6B /* Frameworks */ = {
			isa = PBXFrameworksBuildPhase;
			buildActionMask = 2147483647;
			files = (
			);
			runOnlyForDeploymentPostprocessing = 0;
		};
/* End PBXFrameworksBuildPhase section */

/* Begin PBXGroup section */
		2DAAE4D52B811E2C00D4EB6B = {
			isa = PBXGroup;
			children = (
				2DAAE4E02B811E2C00D4EB6B /* foo9 */,
				2DAAE4DF2B811E2C00D4EB6B /* Products */,
			);
			sourceTree = "<group>";
		};
		2DAAE4DF2B811E2C00D4EB6B /* Products */ = {
			isa = PBXGroup;
			children = (
				2DAAE4DE2B811E2C00D4EB6B /* foo9.app */,
			);
			name = Products;
			sourceTree = "<group>";
		};
		2DAAE4E02B811E2C00D4EB6B /* foo9 */ = {
			isa = PBXGroup;
			children = (
				2DAAE4E12B811E2C00D4EB6B /* AppDelegate.swift */,
				2DAAE4E32B811E2C00D4EB6B /* SceneDelegate.swift */,
				2DAAE4E52B811E2C00D4EB6B /* ViewController.swift */,
				2DAAE4FB2B84D1BE00D4EB6B /* FullViewController.swift */,
				2DAAE5012B87E79900D4EB6B /* Full2ViewController.swift */,
				2DAAE4E72B811E2C00D4EB6B /* Main.storyboard */,
				2DAAE4EA2B811E3000D4EB6B /* Assets.xcassets */,
				2DAAE4EC2B811E3000D4EB6B /* LaunchScreen.storyboard */,
				2DAAE4EF2B811E3000D4EB6B /* Info.plist */,
				2DAAE4F52B811EB300D4EB6B /* Model.swift */,
				2DAAE4F72B84CB1E00D4EB6B /* CollectionViewCell.swift */,
				2DAAE4F82B84CB1E00D4EB6B /* CollectionViewCell.xib */,
				2DAAE4FD2B87E06F00D4EB6B /* GroupCollectionViewCell.swift */,
				2DAAE4FE2B87E06F00D4EB6B /* GroupCollectionViewCell.xib */,
				2DAAE5032B92958900D4EB6B /* file.json */,
				2DAAE5052B929E0F00D4EB6B /* ViewController2.swift */,
				2DAAE5072B92A06B00D4EB6B /* CollectionViewCell2.swift */,
				2DAAE5082B92A06B00D4EB6B /* CollectionViewCell2.xib */,
				2DAAE50D2B93479600D4EB6B /* ViewController4.swift */,
				2DAAE5172B94CCD500D4EB6B /* Cells */,
			);
			path = foo9;
			sourceTree = "<group>";
		};
		2DAAE5172B94CCD500D4EB6B /* Cells */ = {
			isa = PBXGroup;
			children = (
				2DAAE50F2B9348CE00D4EB6B /* GroupCell.swift */,
				2DAAE5102B9348CE00D4EB6B /* GroupCell.xib */,
				2DAAE5132B94CCC400D4EB6B /* SubGroupCell.swift */,
				2DAAE5182B952B2D00D4EB6B /* SubGroupCell.xib */,
			);
			path = Cells;
			sourceTree = "<group>";
		};
/* End PBXGroup section */

/* Begin PBXNativeTarget section */
		2DAAE4DD2B811E2C00D4EB6B /* foo9 */ = {
			isa = PBXNativeTarget;
			buildConfigurationList = 2DAAE4F22B811E3000D4EB6B /* Build configuration list for PBXNativeTarget "foo9" */;
			buildPhases = (
				2DAAE4DA2B811E2C00D4EB6B /* Sources */,
				2DAAE4DB2B811E2C00D4EB6B /* Frameworks */,
				2DAAE4DC2B811E2C00D4EB6B /* Resources */,
			);
			buildRules = (
			);
			dependencies = (
			);
			name = foo9;
			productName = foo9;
			productReference = 2DAAE4DE2B811E2C00D4EB6B /* foo9.app */;
			productType = "com.apple.product-type.application";
		};
/* End PBXNativeTarget section */

/* Begin PBXProject section */
		2DAAE4D62B811E2C00D4EB6B /* Project object */ = {
			isa = PBXProject;
			attributes = {
				BuildIndependentTargetsInParallel = 1;
				LastSwiftUpdateCheck = 1430;
				LastUpgradeCheck = 1430;
				TargetAttributes = {
					2DAAE4DD2B811E2C00D4EB6B = {
						CreatedOnToolsVersion = 14.3;
					};
				};
			};
			buildConfigurationList = 2DAAE4D92B811E2C00D4EB6B /* Build configuration list for PBXProject "foo9" */;
			compatibilityVersion = "Xcode 14.0";
			developmentRegion = en;
			hasScannedForEncodings = 0;
			knownRegions = (
				en,
				Base,
			);
			mainGroup = 2DAAE4D52B811E2C00D4EB6B;
			productRefGroup = 2DAAE4DF2B811E2C00D4EB6B /* Products */;
			projectDirPath = "";
			projectRoot = "";
			targets = (
				2DAAE4DD2B811E2C00D4EB6B /* foo9 */,
			);
		};
/* End PBXProject section */

/* Begin PBXResourcesBuildPhase section */
		2DAAE4DC2B811E2C00D4EB6B /* Resources */ = {
			isa = PBXResourcesBuildPhase;
			buildActionMask = 2147483647;
			files = (
				2DAAE4EE2B811E3000D4EB6B /* LaunchScreen.storyboard in Resources */,
				2DAAE5002B87E06F00D4EB6B /* GroupCollectionViewCell.xib in Resources */,
				2DAAE5122B9348CE00D4EB6B /* GroupCell.xib in Resources */,
				2DAAE4EB2B811E3000D4EB6B /* Assets.xcassets in Resources */,
				2DAAE5042B92958900D4EB6B /* file.json in Resources */,
				2DAAE50A2B92A06B00D4EB6B /* CollectionViewCell2.xib in Resources */,
				2DAAE5192B952B2E00D4EB6B /* SubGroupCell.xib in Resources */,
				2DAAE4FA2B84CB1E00D4EB6B /* CollectionViewCell.xib in Resources */,
				2DAAE4E92B811E2C00D4EB6B /* Main.storyboard in Resources */,
			);
			runOnlyForDeploymentPostprocessing = 0;
		};
/* End PBXResourcesBuildPhase section */

/* Begin PBXSourcesBuildPhase section */
		2DAAE4DA2B811E2C00D4EB6B /* Sources */ = {
			isa = PBXSourcesBuildPhase;
			buildActionMask = 2147483647;
			files = (
				2DAAE5022B87E79900D4EB6B /* Full2ViewController.swift in Sources */,
				2DAAE4F92B84CB1E00D4EB6B /* CollectionViewCell.swift in Sources */,
				2DAAE5112B9348CE00D4EB6B /* GroupCell.swift in Sources */,
				2DAAE5062B929E0F00D4EB6B /* ViewController2.swift in Sources */,
				2DAAE4FF2B87E06F00D4EB6B /* GroupCollectionViewCell.swift in Sources */,
				2DAAE4E62B811E2C00D4EB6B /* ViewController.swift in Sources */,
				2DAAE4E22B811E2C00D4EB6B /* AppDelegate.swift in Sources */,
				2DAAE50E2B93479600D4EB6B /* ViewController4.swift in Sources */,
				2DAAE4FC2B84D1BE00D4EB6B /* FullViewController.swift in Sources */,
				2DAAE5092B92A06B00D4EB6B /* CollectionViewCell2.swift in Sources */,
				2DAAE5152B94CCC400D4EB6B /* SubGroupCell.swift in Sources */,
				2DAAE4E42B811E2C00D4EB6B /* SceneDelegate.swift in Sources */,
				2DAAE4F62B811EB300D4EB6B /* Model.swift in Sources */,
			);
			runOnlyForDeploymentPostprocessing = 0;
		};
/* End PBXSourcesBuildPhase section */

/* Begin PBXVariantGroup section */
		2DAAE4E72B811E2C00D4EB6B /* Main.storyboard */ = {
			isa = PBXVariantGroup;
			children = (
				2DAAE4E82B811E2C00D4EB6B /* Base */,
			);
			name = Main.storyboard;
			sourceTree = "<group>";
		};
		2DAAE4EC2B811E3000D4EB6B /* LaunchScreen.storyboard */ = {
			isa = PBXVariantGroup;
			children = (
				2DAAE4ED2B811E3000D4EB6B /* Base */,
			);
			name = LaunchScreen.storyboard;
			sourceTree = "<group>";
		};
/* End PBXVariantGroup section */

/* Begin XCBuildConfiguration section */
		2DAAE4F02B811E3000D4EB6B /* Debug */ = {
			isa = XCBuildConfiguration;
			buildSettings = {
				ALWAYS_SEARCH_USER_PATHS = NO;
				CLANG_ANALYZER_NONNULL = YES;
				CLANG_ANALYZER_NUMBER_OBJECT_CONVERSION = YES_AGGRESSIVE;
				CLANG_CXX_LANGUAGE_STANDARD = "gnu++20";
				CLANG_ENABLE_MODULES = YES;
				CLANG_ENABLE_OBJC_ARC = YES;
				CLANG_ENABLE_OBJC_WEAK = YES;
				CLANG_WARN_BLOCK_CAPTURE_AUTORELEASING = YES;
				CLANG_WARN_BOOL_CONVERSION = YES;
				CLANG_WARN_COMMA = YES;
				CLANG_WARN_CONSTANT_CONVERSION = YES;
				CLANG_WARN_DEPRECATED_OBJC_IMPLEMENTATIONS = YES;
				CLANG_WARN_DIRECT_OBJC_ISA_USAGE = YES_ERROR;
				CLANG_WARN_DOCUMENTATION_COMMENTS = YES;
				CLANG_WARN_EMPTY_BODY = YES;
				CLANG_WARN_ENUM_CONVERSION = YES;
				CLANG_WARN_INFINITE_RECURSION = YES;
				CLANG_WARN_INT_CONVERSION = YES;
				CLANG_WARN_NON_LITERAL_NULL_CONVERSION = YES;
				CLANG_WARN_OBJC_IMPLICIT_RETAIN_SELF = YES;
				CLANG_WARN_OBJC_LITERAL_CONVERSION = YES;
				CLANG_WARN_OBJC_ROOT_CLASS = YES_ERROR;
				CLANG_WARN_QUOTED_INCLUDE_IN_FRAMEWORK_HEADER = YES;
				CLANG_WARN_RANGE_LOOP_ANALYSIS = YES;
				CLANG_WARN_STRICT_PROTOTYPES = YES;
				CLANG_WARN_SUSPICIOUS_MOVE = YES;
				CLANG_WARN_UNGUARDED_AVAILABILITY = YES_AGGRESSIVE;
				CLANG_WARN_UNREACHABLE_CODE = YES;
				CLANG_WARN__DUPLICATE_METHOD_MATCH = YES;
				COPY_PHASE_STRIP = NO;
				DEBUG_INFORMATION_FORMAT = dwarf;
				ENABLE_STRICT_OBJC_MSGSEND = YES;
				ENABLE_TESTABILITY = YES;
				GCC_C_LANGUAGE_STANDARD = gnu11;
				GCC_DYNAMIC_NO_PIC = NO;
				GCC_NO_COMMON_BLOCKS = YES;
				GCC_OPTIMIZATION_LEVEL = 0;
				GCC_PREPROCESSOR_DEFINITIONS = (
					"DEBUG=1",
					"$(inherited)",
				);
				GCC_WARN_64_TO_32_BIT_CONVERSION = YES;
				GCC_WARN_ABOUT_RETURN_TYPE = YES_ERROR;
				GCC_WARN_UNDECLARED_SELECTOR = YES;
				GCC_WARN_UNINITIALIZED_AUTOS = YES_AGGRESSIVE;
				GCC_WARN_UNUSED_FUNCTION = YES;
				GCC_WARN_UNUSED_VARIABLE = YES;
				IPHONEOS_DEPLOYMENT_TARGET = 16.4;
				MTL_ENABLE_DEBUG_INFO = INCLUDE_SOURCE;
				MTL_FAST_MATH = YES;
				ONLY_ACTIVE_ARCH = YES;
				SDKROOT = iphoneos;
				SWIFT_ACTIVE_COMPILATION_CONDITIONS = DEBUG;
				SWIFT_OPTIMIZATION_LEVEL = "-Onone";
			};
			name = Debug;
		};
		2DAAE4F12B811E3000D4EB6B /* Release */ = {
			isa = XCBuildConfiguration;
			buildSettings = {
				ALWAYS_SEARCH_USER_PATHS = NO;
				CLANG_ANALYZER_NONNULL = YES;
				CLANG_ANALYZER_NUMBER_OBJECT_CONVERSION = YES_AGGRESSIVE;
				CLANG_CXX_LANGUAGE_STANDARD = "gnu++20";
				CLANG_ENABLE_MODULES = YES;
				CLANG_ENABLE_OBJC_ARC = YES;
				CLANG_ENABLE_OBJC_WEAK = YES;
				CLANG_WARN_BLOCK_CAPTURE_AUTORELEASING = YES;
				CLANG_WARN_BOOL_CONVERSION = YES;
				CLANG_WARN_COMMA = YES;
				CLANG_WARN_CONSTANT_CONVERSION = YES;
				CLANG_WARN_DEPRECATED_OBJC_IMPLEMENTATIONS = YES;
				CLANG_WARN_DIRECT_OBJC_ISA_USAGE = YES_ERROR;
				CLANG_WARN_DOCUMENTATION_COMMENTS = YES;
				CLANG_WARN_EMPTY_BODY = YES;
				CLANG_WARN_ENUM_CONVERSION = YES;
				CLANG_WARN_INFINITE_RECURSION = YES;
				CLANG_WARN_INT_CONVERSION = YES;
				CLANG_WARN_NON_LITERAL_NULL_CONVERSION = YES;
				CLANG_WARN_OBJC_IMPLICIT_RETAIN_SELF = YES;
				CLANG_WARN_OBJC_LITERAL_CONVERSION = YES;
				CLANG_WARN_OBJC_ROOT_CLASS = YES_ERROR;
				CLANG_WARN_QUOTED_INCLUDE_IN_FRAMEWORK_HEADER = YES;
				CLANG_WARN_RANGE_LOOP_ANALYSIS = YES;
				CLANG_WARN_STRICT_PROTOTYPES = YES;
				CLANG_WARN_SUSPICIOUS_MOVE = YES;
				CLANG_WARN_UNGUARDED_AVAILABILITY = YES_AGGRESSIVE;
				CLANG_WARN_UNREACHABLE_CODE = YES;
				CLANG_WARN__DUPLICATE_METHOD_MATCH = YES;
				COPY_PHASE_STRIP = NO;
				DEBUG_INFORMATION_FORMAT = "dwarf-with-dsym";
				ENABLE_NS_ASSERTIONS = NO;
				ENABLE_STRICT_OBJC_MSGSEND = YES;
				GCC_C_LANGUAGE_STANDARD = gnu11;
				GCC_NO_COMMON_BLOCKS = YES;
				GCC_WARN_64_TO_32_BIT_CONVERSION = YES;
				GCC_WARN_ABOUT_RETURN_TYPE = YES_ERROR;
				GCC_WARN_UNDECLARED_SELECTOR = YES;
				GCC_WARN_UNINITIALIZED_AUTOS = YES_AGGRESSIVE;
				GCC_WARN_UNUSED_FUNCTION = YES;
				GCC_WARN_UNUSED_VARIABLE = YES;
				IPHONEOS_DEPLOYMENT_TARGET = 16.4;
				MTL_ENABLE_DEBUG_INFO = NO;
				MTL_FAST_MATH = YES;
				SDKROOT = iphoneos;
				SWIFT_COMPILATION_MODE = wholemodule;
				SWIFT_OPTIMIZATION_LEVEL = "-O";
				VALIDATE_PRODUCT = YES;
			};
			name = Release;
		};
		2DAAE4F32B811E3000D4EB6B /* Debug */ = {
			isa = XCBuildConfiguration;
			buildSettings = {
				ASSETCATALOG_COMPILER_APPICON_NAME = AppIcon;
				ASSETCATALOG_COMPILER_GLOBAL_ACCENT_COLOR_NAME = AccentColor;
				CODE_SIGN_STYLE = Automatic;
				CURRENT_PROJECT_VERSION = 1;
				DEVELOPMENT_TEAM = 2RCP65U5C2;
				GENERATE_INFOPLIST_FILE = YES;
				INFOPLIST_FILE = foo9/Info.plist;
				INFOPLIST_KEY_UIApplicationSupportsIndirectInputEvents = YES;
				INFOPLIST_KEY_UILaunchStoryboardName = LaunchScreen;
				INFOPLIST_KEY_UIMainStoryboardFile = Main;
				INFOPLIST_KEY_UISupportedInterfaceOrientations = UIInterfaceOrientationPortrait;
				INFOPLIST_KEY_UISupportedInterfaceOrientations_iPad = "UIInterfaceOrientationLandscapeLeft UIInterfaceOrientationLandscapeRight UIInterfaceOrientationPortrait UIInterfaceOrientationPortraitUpsideDown";
				IPHONEOS_DEPLOYMENT_TARGET = 15.3;
				LD_RUNPATH_SEARCH_PATHS = (
					"$(inherited)",
					"@executable_path/Frameworks",
				);
				MARKETING_VERSION = 1.0;
				PRODUCT_BUNDLE_IDENTIFIER = ru.brovkin.stack.foo9;
				PRODUCT_NAME = "$(TARGET_NAME)";
				SUPPORTED_PLATFORMS = "iphoneos iphonesimulator";
				SUPPORTS_MACCATALYST = NO;
				SUPPORTS_MAC_DESIGNED_FOR_IPHONE_IPAD = NO;
				SWIFT_EMIT_LOC_STRINGS = YES;
				SWIFT_VERSION = 5.0;
				TARGETED_DEVICE_FAMILY = 1;
			};
			name = Debug;
		};
		2DAAE4F42B811E3000D4EB6B /* Release */ = {
			isa = XCBuildConfiguration;
			buildSettings = {
				ASSETCATALOG_COMPILER_APPICON_NAME = AppIcon;
				ASSETCATALOG_COMPILER_GLOBAL_ACCENT_COLOR_NAME = AccentColor;
				CODE_SIGN_STYLE = Automatic;
				CURRENT_PROJECT_VERSION = 1;
				DEVELOPMENT_TEAM = 2RCP65U5C2;
				GENERATE_INFOPLIST_FILE = YES;
				INFOPLIST_FILE = foo9/Info.plist;
				INFOPLIST_KEY_UIApplicationSupportsIndirectInputEvents = YES;
				INFOPLIST_KEY_UILaunchStoryboardName = LaunchScreen;
				INFOPLIST_KEY_UIMainStoryboardFile = Main;
				INFOPLIST_KEY_UISupportedInterfaceOrientations = UIInterfaceOrientationPortrait;
				INFOPLIST_KEY_UISupportedInterfaceOrientations_iPad = "UIInterfaceOrientationLandscapeLeft UIInterfaceOrientationLandscapeRight UIInterfaceOrientationPortrait UIInterfaceOrientationPortraitUpsideDown";
				IPHONEOS_DEPLOYMENT_TARGET = 15.3;
				LD_RUNPATH_SEARCH_PATHS = (
					"$(inherited)",
					"@executable_path/Frameworks",
				);
				MARKETING_VERSION = 1.0;
				PRODUCT_BUNDLE_IDENTIFIER = ru.brovkin.stack.foo9;
				PRODUCT_NAME = "$(TARGET_NAME)";
				SUPPORTED_PLATFORMS = "iphoneos iphonesimulator";
				SUPPORTS_MACCATALYST = NO;
				SUPPORTS_MAC_DESIGNED_FOR_IPHONE_IPAD = NO;
				SWIFT_EMIT_LOC_STRINGS = YES;
				SWIFT_VERSION = 5.0;
				TARGETED_DEVICE_FAMILY = 1;
			};
			name = Release;
		};
/* End XCBuildConfiguration section */

/* Begin XCConfigurationList section */
		2DAAE4D92B811E2C00D4EB6B /* Build configuration list for PBXProject "foo9" */ = {
			isa = XCConfigurationList;
			buildConfigurations = (
				2DAAE4F02B811E3000D4EB6B /* Debug */,
				2DAAE4F12B811E3000D4EB6B /* Release */,
			);
			defaultConfigurationIsVisible = 0;
			defaultConfigurationName = Release;
		};
		2DAAE4F22B811E3000D4EB6B /* Build configuration list for PBXNativeTarget "foo9" */ = {
			isa = XCConfigurationList;
			buildConfigurations = (
				2DAAE4F32B811E3000D4EB6B /* Debug */,
				2DAAE4F42B811E3000D4EB6B /* Release */,
			);
			defaultConfigurationIsVisible = 0;
			defaultConfigurationName = Release;
		};
/* End XCConfigurationList section */
	};
	rootObject = 2DAAE4D62B811E2C00D4EB6B /* Project object */;
}
